
Microsoft Visual Studio Solution File, Format Version 12.00
# Visual Studio Version 17
VisualStudioVersion = 17.5.002.0
MinimumVisualStudioVersion = 10.0.40219.1
Project("{9A19103F-16F7-4668-BE54-9A1E7A4F7556}") = "ViewModelFun", "ViewModelFun.csproj", "{4F5EDB6C-0877-4667-BFF4-089BF6A56882}"
EndProject
Global
	GlobalSection(SolutionConfigurationPlatforms) = preSolution
		Debug|Any CPU = Debug|Any CPU
		Release|Any CPU = Release|Any CPU
	EndGlobalSection
	GlobalSection(ProjectConfigurationPlatforms) = postSolution
		{4F5EDB6C-0877-4667-BFF4-089BF6A56882}.Debug|Any CPU.ActiveCfg = Debug|Any CPU
		{4F5EDB6C-0877-4667-BFF4-089BF6A56882}.Debug|Any CPU.Build.0 = Debug|Any CPU
		{4F5EDB6C-0877-4667-BFF4-089BF6A56882}.Release|Any CPU.ActiveCfg = Release|Any CPU
		{4F5EDB6C-0877-4667-BFF4-089BF6A56882}.Release|Any CPU.Build.0 = Release|Any CPU
	EndGlobalSection
	GlobalSection(SolutionProperties) = preSolution
		HideSolutionNode = FALSE
	EndGlobalSection
	GlobalSection(ExtensibilityGlobals) = postSolution
		SolutionGuid = {158BD1F5-EFDC-47D9-B2B9-95CF1371DE2B}
	EndGlobalSection
EndGlobal
